DEPENDENCIES
  consul-template
    git: https://github.com/julienlevasseur/chef-consul-template.git
    revision: 1ed65d4796edc19e50ba1f0dcf3f1e1f730bc41c
  ssh
    git: https://github.com/julienlevasseur/chef-ssh.git
    revision: df9c9a20c6caa9835f7a13a55f11a06f8446842c
    ref: df9c9a2
  workstation
    path: .
    metadata: true

GRAPH
  compat_resource (12.19.0)
  consul-template (0.13.0)
    golang (>= 0.0.0)
    libarchive (>= 0.0.0)
    nssm (>= 0.0.0)
    runit (>= 0.0.0)
  golang (1.7.0)
  libarchive (1.0.0)
  nssm (4.0.0)
    windows (>= 0.0.0)
  ohai (5.2.0)
  packagecloud (0.3.0)
  runit (4.0.4)
    packagecloud (>= 0.0.0)
    yum-epel (>= 0.0.0)
  ssh (0.10.24)
  windows (3.4.3)
    ohai (>= 4.0.0)
  workstation (0.1.0)
    consul-template (>= 0.0.0)
    ssh (>= 0.0.0)
  yum-epel (2.1.2)
    compat_resource (>= 12.16.3)
